
Microsoft Visual Studio Solution File, Format Version 12.00
# Visual Studio Version 16
VisualStudioVersion = 16.0.31424.327
MinimumVisualStudioVersion = 10.0.40219.1
Project("{FAE04EC0-301F-11D3-BF4B-00C04F79EFBC}") = "Project1", "Project1\Project1.csproj", "{3A2E4082-6311-47C3-A374-73CB29D87B6C}"
EndProject
Global
	GlobalSection(SolutionConfigurationPlatforms) = preSolution
		Debug|Any CPU = Debug|Any CPU
		Release|Any CPU = Release|Any CPU
	EndGlobalSection
	GlobalSection(ProjectConfigurationPlatforms) = postSolution
		{3A2E4082-6311-47C3-A374-73CB29D87B6C}.Debug|Any CPU.ActiveCfg = Debug|Any CPU
		{3A2E4082-6311-47C3-A374-73CB29D87B6C}.Debug|Any CPU.Build.0 = Debug|Any CPU
		{3A2E4082-6311-47C3-A374-73CB29D87B6C}.Release|Any CPU.ActiveCfg = Release|Any CPU
		{3A2E4082-6311-47C3-A374-73CB29D87B6C}.Release|Any CPU.Build.0 = Release|Any CPU
	EndGlobalSection
	GlobalSection(SolutionProperties) = preSolution
		HideSolutionNode = FALSE
	EndGlobalSection
	GlobalSection(ExtensibilityGlobals) = postSolution
		SolutionGuid = {DC480B58-9ABA-4DD4-9B59-02B1D5D8855D}
	EndGlobalSection
EndGlobal
